// !$*UTF8*$!
{
	archiveVersion = 1;
	classes = {
	};
	objectVersion = 77;
	objects = {

/* Begin PBXContainerItemProxy section */
		CE73FED32D7A6621006B37ED /* PBXContainerItemProxy */ = {
			isa = PBXContainerItemProxy;
			containerPortal = CE73FEB82D7A661F006B37ED /* Project object */;
			proxyType = 1;
			remoteGlobalIDString = CE73FEBF2D7A661F006B37ED;
			remoteInfo = CityFinder;
		};
		CE73FEDD2D7A6621006B37ED /* PBXContainerItemProxy */ = {
			isa = PBXContainerItemProxy;
			containerPortal = CE73FEB82D7A661F006B37ED /* Project object */;
			proxyType = 1;
			remoteGlobalIDString = CE73FEBF2D7A661F006B37ED;
			remoteInfo = CityFinder;
		};
/* End PBXContainerItemProxy section */

/* Begin PBXFileReference section */
		CE73FEC02D7A661F006B37ED /* CityFinder.app */ = {isa = PBXFileReference; explicitFileType = wrapper.application; includeInIndex = 0; path = CityFinder.app; sourceTree = BUILT_PRODUCTS_DIR; };
		CE73FED22D7A6621006B37ED /* CityFinderTests.xctest */ = {isa = PBXFileReference; explicitFileType = wrapper.cfbundle; includeInIndex = 0; path = CityFinderTests.xctest; sourceTree = BUILT_PRODUCTS_DIR; };
		CE73FEDC2D7A6621006B37ED /* CityFinderUITests.xctest */ = {isa = PBXFileReference; explicitFileType = wrapper.cfbundle; includeInIndex = 0; path = CityFinderUITests.xctest; sourceTree = BUILT_PRODUCTS_DIR; };
/* End PBXFileReference section */

/* Begin PBXFileSystemSynchronizedRootGroup section */
		CE73FEC22D7A661F006B37ED /* CityFinder */ = {
			isa = PBXFileSystemSynchronizedRootGroup;
			path = CityFinder;
			sourceTree = "<group>";
		};
		CE73FED52D7A6621006B37ED /* CityFinderTests */ = {
			isa = PBXFileSystemSynchronizedRootGroup;
			path = CityFinderTests;
			sourceTree = "<group>";
		};
		CE73FEDF2D7A6621006B37ED /* CityFinderUITests */ = {
			isa = PBXFileSystemSynchronizedRootGroup;
			path = CityFinderUITests;
			sourceTree = "<group>";
		};
/* End PBXFileSystemSynchronizedRootGroup section */

/* Begin PBXFrameworksBuildPhase section */
		CE73FEBD2D7A661F006B37ED /* Frameworks */ = {
			isa = PBXFrameworksBuildPhase;
			buildActionMask = 2147483647;
			files = (
			);
			runOnlyForDeploymentPostprocessing = 0;
		};
		CE73FECF2D7A6621006B37ED /* Frameworks */ = {
			isa = PBXFrameworksBuildPhase;
			buildActionMask = 2147483647;
			files = (
			);
			runOnlyForDeploymentPostprocessing = 0;
		};
		CE73FED92D7A6621006B37ED /* Frameworks */ = {
			isa = PBXFrameworksBuildPhase;
			buildActionMask = 2147483647;
			files = (
			);
			runOnlyForDeploymentPostprocessing = 0;
		};
/* End PBXFrameworksBuildPhase section */

/* Begin PBXGroup section */
		CE73FEB72D7A661F006B37ED = {
			isa = PBXGroup;
			children = (
				CE73FEC22D7A661F006B37ED /* CityFinder */,
				CE73FED52D7A6621006B37ED /* CityFinderTests */,
				CE73FEDF2D7A6621006B37ED /* CityFinderUITests */,
				CE73FEC12D7A661F006B37ED /* Products */,
			);
			sourceTree = "<group>";
		};
		CE73FEC12D7A661F006B37ED /* Products */ = {
			isa = PBXGroup;
			children = (
				CE73FEC02D7A661F006B37ED /* CityFinder.app */,
				CE73FED22D7A6621006B37ED /* CityFinderTests.xctest */,
				CE73FEDC2D7A6621006B37ED /* CityFinderUITests.xctest */,
			);
			name = Products;
			sourceTree = "<group>";
		};
/* End PBXGroup section */

/* Begin PBXNativeTarget section */
		CE73FEBF2D7A661F006B37ED /* CityFinder */ = {
			isa = PBXNativeTarget;
			buildConfigurationList = CE73FEE62D7A6621006B37ED /* Build configuration list for PBXNativeTarget "CityFinder" */;
			buildPhases = (
				CE73FEBC2D7A661F006B37ED /* Sources */,
				CE73FEBD2D7A661F006B37ED /* Frameworks */,
				CE73FEBE2D7A661F006B37ED /* Resources */,
			);
			buildRules = (
			);
			dependencies = (
			);
			fileSystemSynchronizedGroups = (
				CE73FEC22D7A661F006B37ED /* CityFinder */,
			);
			name = CityFinder;
			packageProductDependencies = (
			);
			productName = CityFinder;
			productReference = CE73FEC02D7A661F006B37ED /* CityFinder.app */;
			productType = "com.apple.product-type.application";
		};
		CE73FED12D7A6621006B37ED /* CityFinderTests */ = {
			isa = PBXNativeTarget;
			buildConfigurationList = CE73FEE92D7A6621006B37ED /* Build configuration list for PBXNativeTarget "CityFinderTests" */;
			buildPhases = (
				CE73FECE2D7A6621006B37ED /* Sources */,
				CE73FECF2D7A6621006B37ED /* Frameworks */,
				CE73FED02D7A6621006B37ED /* Resources */,
			);
			buildRules = (
			);
			dependencies = (
				CE73FED42D7A6621006B37ED /* PBXTargetDependency */,
			);
			fileSystemSynchronizedGroups = (
				CE73FED52D7A6621006B37ED /* CityFinderTests */,
			);
			name = CityFinderTests;
			packageProductDependencies = (
			);
			productName = CityFinderTests;
			productReference = CE73FED22D7A6621006B37ED /* CityFinderTests.xctest */;
			productType = "com.apple.product-type.bundle.unit-test";
		};
		CE73FEDB2D7A6621006B37ED /* CityFinderUITests */ = {
			isa = PBXNativeTarget;
			buildConfigurationList = CE73FEEC2D7A6621006B37ED /* Build configuration list for PBXNativeTarget "CityFinderUITests" */;
			buildPhases = (
				CE73FED82D7A6621006B37ED /* Sources */,
				CE73FED92D7A6621006B37ED /* Frameworks */,
				CE73FEDA2D7A6621006B37ED /* Resources */,
			);
			buildRules = (
			);
			dependencies = (
				CE73FEDE2D7A6621006B37ED /* PBXTargetDependency */,
			);
			fileSystemSynchronizedGroups = (
				CE73FEDF2D7A6621006B37ED /* CityFinderUITests */,
			);
			name = CityFinderUITests;
			packageProductDependencies = (
			);
			productName = CityFinderUITests;
			productReference = CE73FEDC2D7A6621006B37ED /* CityFinderUITests.xctest */;
			productType = "com.apple.product-type.bundle.ui-testing";
		};
/* End PBXNativeTarget section */

/* Begin PBXProject section */
		CE73FEB82D7A661F006B37ED /* Project object */ = {
			isa = PBXProject;
			attributes = {
				BuildIndependentTargetsInParallel = 1;
				LastSwiftUpdateCheck = 1600;
				LastUpgradeCheck = 1600;
				TargetAttributes = {
					CE73FEBF2D7A661F006B37ED = {
						CreatedOnToolsVersion = 16.0;
					};
					CE73FED12D7A6621006B37ED = {
						CreatedOnToolsVersion = 16.0;
						TestTargetID = CE73FEBF2D7A661F006B37ED;
					};
					CE73FEDB2D7A6621006B37ED = {
						CreatedOnToolsVersion = 16.0;
						TestTargetID = CE73FEBF2D7A661F006B37ED;
					};
				};
			};
			buildConfigurationList = CE73FEBB2D7A661F006B37ED /* Build configuration list for PBXProject "CityFinder" */;
			developmentRegion = en;
			hasScannedForEncodings = 0;
			knownRegions = (
				en,
				Base,
			);
			mainGroup = CE73FEB72D7A661F006B37ED;
			minimizedProjectReferenceProxies = 1;
			preferredProjectObjectVersion = 77;
			productRefGroup = CE73FEC12D7A661F006B37ED /* Products */;
			projectDirPath = "";
			projectRoot = "";
			targets = (
				CE73FEBF2D7A661F006B37ED /* CityFinder */,
				CE73FED12D7A6621006B37ED /* CityFinderTests */,
				CE73FEDB2D7A6621006B37ED /* CityFinderUITests */,
			);
		};
/* End PBXProject section */

/* Begin PBXResourcesBuildPhase section */
		CE73FEBE2D7A661F006B37ED /* Resources */ = {
			isa = PBXResourcesBuildPhase;
			buildActionMask = 2147483647;
			files = (
			);
			runOnlyForDeploymentPostprocessing = 0;
		};
		CE73FED02D7A6621006B37ED /* Resources */ = {
			isa = PBXResourcesBuildPhase;
			buildActionMask = 2147483647;
			files = (
			);
			runOnlyForDeploymentPostprocessing = 0;
		};
		CE73FEDA2D7A6621006B37ED /* Resources */ = {
			isa = PBXResourcesBuildPhase;
			buildActionMask = 2147483647;
			files = (
			);
			runOnlyForDeploymentPostprocessing = 0;
		};
/* End PBXResourcesBuildPhase section */

/* Begin PBXSourcesBuildPhase section */
		CE73FEBC2D7A661F006B37ED /* Sources */ = {
			isa = PBXSourcesBuildPhase;
			buildActionMask = 2147483647;
			files = (
			);
			runOnlyForDeploymentPostprocessing = 0;
		};
		CE73FECE2D7A6621006B37ED /* Sources */ = {
			isa = PBXSourcesBuildPhase;
			buildActionMask = 2147483647;
			files = (
			);
			runOnlyForDeploymentPostprocessing = 0;
		};
		CE73FED82D7A6621006B37ED /* Sources */ = {
			isa = PBXSourcesBuildPhase;
			buildActionMask = 2147483647;
			files = (
			);
			runOnlyForDeploymentPostprocessing = 0;
		};
/* End PBXSourcesBuildPhase section */

/* Begin PBXTargetDependency section */
		CE73FED42D7A6621006B37ED /* PBXTargetDependency */ = {
			isa = PBXTargetDependency;
			target = CE73FEBF2D7A661F006B37ED /* CityFinder */;
			targetProxy = CE73FED32D7A6621006B37ED /* PBXContainerItemProxy */;
		};
		CE73FEDE2D7A6621006B37ED /* PBXTargetDependency */ = {
			isa = PBXTargetDependency;
			target = CE73FEBF2D7A661F006B37ED /* CityFinder */;
			targetProxy = CE73FEDD2D7A6621006B37ED /* PBXContainerItemProxy */;
		};
/* End PBXTargetDependency section */

/* Begin XCBuildConfiguration section */
		CE73FEE42D7A6621006B37ED /* Debug */ = {
			isa = XCBuildConfiguration;
			buildSettings = {
				ALWAYS_SEARCH_USER_PATHS = NO;
				ASSETCATALOG_COMPILER_GENERATE_SWIFT_ASSET_SYMBOL_EXTENSIONS = YES;
				CLANG_ANALYZER_NONNULL = YES;
				CLANG_ANALYZER_NUMBER_OBJECT_CONVERSION = YES_AGGRESSIVE;
				CLANG_CXX_LANGUAGE_STANDARD = "gnu++20";
				CLANG_ENABLE_MODULES = YES;
				CLANG_ENABLE_OBJC_ARC = YES;
				CLANG_ENABLE_OBJC_WEAK = YES;
				CLANG_WARN_BLOCK_CAPTURE_AUTORELEASING = YES;
				CLANG_WARN_BOOL_CONVERSION = YES;
				CLANG_WARN_COMMA = YES;
				CLANG_WARN_CONSTANT_CONVERSION = YES;
				CLANG_WARN_DEPRECATED_OBJC_IMPLEMENTATIONS = YES;
				CLANG_WARN_DIRECT_OBJC_ISA_USAGE = YES_ERROR;
				CLANG_WARN_DOCUMENTATION_COMMENTS = YES;
				CLANG_WARN_EMPTY_BODY = YES;
				CLANG_WARN_ENUM_CONVERSION = YES;
				CLANG_WARN_INFINITE_RECURSION = YES;
				CLANG_WARN_INT_CONVERSION = YES;
				CLANG_WARN_NON_LITERAL_NULL_CONVERSION = YES;
				CLANG_WARN_OBJC_IMPLICIT_RETAIN_SELF = YES;
				CLANG_WARN_OBJC_LITERAL_CONVERSION = YES;
				CLANG_WARN_OBJC_ROOT_CLASS = YES_ERROR;
				CLANG_WARN_QUOTED_INCLUDE_IN_FRAMEWORK_HEADER = YES;
				CLANG_WARN_RANGE_LOOP_ANALYSIS = YES;
				CLANG_WARN_STRICT_PROTOTYPES = YES;
				CLANG_WARN_SUSPICIOUS_MOVE = YES;
				CLANG_WARN_UNGUARDED_AVAILABILITY = YES_AGGRESSIVE;
				CLANG_WARN_UNREACHABLE_CODE = YES;
				CLANG_WARN__DUPLICATE_METHOD_MATCH = YES;
				COPY_PHASE_STRIP = NO;
				DEBUG_INFORMATION_FORMAT = dwarf;
				ENABLE_STRICT_OBJC_MSGSEND = YES;
				ENABLE_TESTABILITY = YES;
				ENABLE_USER_SCRIPT_SANDBOXING = YES;
				GCC_C_LANGUAGE_STANDARD = gnu17;
				GCC_DYNAMIC_NO_PIC = NO;
				GCC_NO_COMMON_BLOCKS = YES;
				GCC_OPTIMIZATION_LEVEL = 0;
				GCC_PREPROCESSOR_DEFINITIONS = (
					"DEBUG=1",
					"$(inherited)",
				);
				GCC_WARN_64_TO_32_BIT_CONVERSION = YES;
				GCC_WARN_ABOUT_RETURN_TYPE = YES_ERROR;
				GCC_WARN_UNDECLARED_SELECTOR = YES;
				GCC_WARN_UNINITIALIZED_AUTOS = YES_AGGRESSIVE;
				GCC_WARN_UNUSED_FUNCTION = YES;
				GCC_WARN_UNUSED_VARIABLE = YES;
				IPHONEOS_DEPLOYMENT_TARGET = 18.0;
				LOCALIZATION_PREFERS_STRING_CATALOGS = YES;
				MTL_ENABLE_DEBUG_INFO = INCLUDE_SOURCE;
				MTL_FAST_MATH = YES;
				ONLY_ACTIVE_ARCH = YES;
				SDKROOT = iphoneos;
				SWIFT_ACTIVE_COMPILATION_CONDITIONS = "DEBUG $(inherited)";
				SWIFT_OPTIMIZATION_LEVEL = "-Onone";
			};
			name = Debug;
		};
		CE73FEE52D7A6621006B37ED /* Release */ = {
			isa = XCBuildConfiguration;
			buildSettings = {
				ALWAYS_SEARCH_USER_PATHS = NO;
				ASSETCATALOG_COMPILER_GENERATE_SWIFT_ASSET_SYMBOL_EXTENSIONS = YES;
				CLANG_ANALYZER_NONNULL = YES;
				CLANG_ANALYZER_NUMBER_OBJECT_CONVERSION = YES_AGGRESSIVE;
				CLANG_CXX_LANGUAGE_STANDARD = "gnu++20";
				CLANG_ENABLE_MODULES = YES;
				CLANG_ENABLE_OBJC_ARC = YES;
				CLANG_ENABLE_OBJC_WEAK = YES;
				CLANG_WARN_BLOCK_CAPTURE_AUTORELEASING = YES;
				CLANG_WARN_BOOL_CONVERSION = YES;
				CLANG_WARN_COMMA = YES;
				CLANG_WARN_CONSTANT_CONVERSION = YES;
				CLANG_WARN_DEPRECATED_OBJC_IMPLEMENTATIONS = YES;
				CLANG_WARN_DIRECT_OBJC_ISA_USAGE = YES_ERROR;
				CLANG_WARN_DOCUMENTATION_COMMENTS = YES;
				CLANG_WARN_EMPTY_BODY = YES;
				CLANG_WARN_ENUM_CONVERSION = YES;
				CLANG_WARN_INFINITE_RECURSION = YES;
				CLANG_WARN_INT_CONVERSION = YES;
				CLANG_WARN_NON_LITERAL_NULL_CONVERSION = YES;
				CLANG_WARN_OBJC_IMPLICIT_RETAIN_SELF = YES;
				CLANG_WARN_OBJC_LITERAL_CONVERSION = YES;
				CLANG_WARN_OBJC_ROOT_CLASS = YES_ERROR;
				CLANG_WARN_QUOTED_INCLUDE_IN_FRAMEWORK_HEADER = YES;
				CLANG_WARN_RANGE_LOOP_ANALYSIS = YES;
				CLANG_WARN_STRICT_PROTOTYPES = YES;
				CLANG_WARN_SUSPICIOUS_MOVE = YES;
				CLANG_WARN_UNGUARDED_AVAILABILITY = YES_AGGRESSIVE;
				CLANG_WARN_UNREACHABLE_CODE = YES;
				CLANG_WARN__DUPLICATE_METHOD_MATCH = YES;
				COPY_PHASE_STRIP = NO;
				DEBUG_INFORMATION_FORMAT = "dwarf-with-dsym";
				ENABLE_NS_ASSERTIONS = NO;
				ENABLE_STRICT_OBJC_MSGSEND = YES;
				ENABLE_USER_SCRIPT_SANDBOXING = YES;
				GCC_C_LANGUAGE_STANDARD = gnu17;
				GCC_NO_COMMON_BLOCKS = YES;
				GCC_WARN_64_TO_32_BIT_CONVERSION = YES;
				GCC_WARN_ABOUT_RETURN_TYPE = YES_ERROR;
				GCC_WARN_UNDECLARED_SELECTOR = YES;
				GCC_WARN_UNINITIALIZED_AUTOS = YES_AGGRESSIVE;
				GCC_WARN_UNUSED_FUNCTION = YES;
				GCC_WARN_UNUSED_VARIABLE = YES;
				IPHONEOS_DEPLOYMENT_TARGET = 18.0;
				LOCALIZATION_PREFERS_STRING_CATALOGS = YES;
				MTL_ENABLE_DEBUG_INFO = NO;
				MTL_FAST_MATH = YES;
				SDKROOT = iphoneos;
				SWIFT_COMPILATION_MODE = wholemodule;
				VALIDATE_PRODUCT = YES;
			};
			name = Release;
		};
		CE73FEE72D7A6621006B37ED /* Debug */ = {
			isa = XCBuildConfiguration;
			buildSettings = {
				ASSETCATALOG_COMPILER_APPICON_NAME = AppIcon;
				ASSETCATALOG_COMPILER_GLOBAL_ACCENT_COLOR_NAME = AccentColor;
				CODE_SIGN_STYLE = Automatic;
				CURRENT_PROJECT_VERSION = 1;
				DEVELOPMENT_ASSET_PATHS = "\"CityFinder/Preview Content\"";
				ENABLE_PREVIEWS = YES;
				GENERATE_INFOPLIST_FILE = YES;
				INFOPLIST_KEY_UIApplicationSceneManifest_Generation = YES;
				INFOPLIST_KEY_UIApplicationSupportsIndirectInputEvents = YES;
				INFOPLIST_KEY_UILaunchScreen_Generation = YES;
				INFOPLIST_KEY_UISupportedInterfaceOrientations_iPad = "UIInterfaceOrientationPortrait UIInterfaceOrientationPortraitUpsideDown UIInterfaceOrientationLandscapeLeft UIInterfaceOrientationLandscapeRight";
				INFOPLIST_KEY_UISupportedInterfaceOrientations_iPhone = "UIInterfaceOrientationPortrait UIInterfaceOrientationLandscapeLeft UIInterfaceOrientationLandscapeRight";
				LD_RUNPATH_SEARCH_PATHS = (
					"$(inherited)",
					"@executable_path/Frameworks",
				);
				MARKETING_VERSION = 1.0;
				PRODUCT_BUNDLE_IDENTIFIER = com.IvanAlexValero.CityFinder;
				PRODUCT_NAME = "$(TARGET_NAME)";
				SWIFT_EMIT_LOC_STRINGS = YES;
				SWIFT_VERSION = 5.0;
				TARGETED_DEVICE_FAMILY = "1,2";
			};
			name = Debug;
		};
		CE73FEE82D7A6621006B37ED /* Release */ = {
			isa = XCBuildConfiguration;
			buildSettings = {
				ASSETCATALOG_COMPILER_APPICON_NAME = AppIcon;
				ASSETCATALOG_COMPILER_GLOBAL_ACCENT_COLOR_NAME = AccentColor;
				CODE_SIGN_STYLE = Automatic;
				CURRENT_PROJECT_VERSION = 1;
				DEVELOPMENT_ASSET_PATHS = "\"CityFinder/Preview Content\"";
				ENABLE_PREVIEWS = YES;
				GENERATE_INFOPLIST_FILE = YES;
				INFOPLIST_KEY_UIApplicationSceneManifest_Generation = YES;
				INFOPLIST_KEY_UIApplicationSupportsIndirectInputEvents = YES;
				INFOPLIST_KEY_UILaunchScreen_Generation = YES;
				INFOPLIST_KEY_UISupportedInterfaceOrientations_iPad = "UIInterfaceOrientationPortrait UIInterfaceOrientationPortraitUpsideDown UIInterfaceOrientationLandscapeLeft UIInterfaceOrientationLandscapeRight";
				INFOPLIST_KEY_UISupportedInterfaceOrientations_iPhone = "UIInterfaceOrientationPortrait UIInterfaceOrientationLandscapeLeft UIInterfaceOrientationLandscapeRight";
				LD_RUNPATH_SEARCH_PATHS = (
					"$(inherited)",
					"@executable_path/Frameworks",
				);
				MARKETING_VERSION = 1.0;
				PRODUCT_BUNDLE_IDENTIFIER = com.IvanAlexValero.CityFinder;
				PRODUCT_NAME = "$(TARGET_NAME)";
				SWIFT_EMIT_LOC_STRINGS = YES;
				SWIFT_VERSION = 5.0;
				TARGETED_DEVICE_FAMILY = "1,2";
			};
			name = Release;
		};
		CE73FEEA2D7A6621006B37ED /* Debug */ = {
			isa = XCBuildConfiguration;
			buildSettings = {
				BUNDLE_LOADER = "$(TEST_HOST)";
				CODE_SIGN_STYLE = Automatic;
				CURRENT_PROJECT_VERSION = 1;
				GENERATE_INFOPLIST_FILE = YES;
				IPHONEOS_DEPLOYMENT_TARGET = 18.0;
				MARKETING_VERSION = 1.0;
				PRODUCT_BUNDLE_IDENTIFIER = com.IvanAlexValero.CityFinderTests;
				PRODUCT_NAME = "$(TARGET_NAME)";
				SWIFT_EMIT_LOC_STRINGS = NO;
				SWIFT_VERSION = 5.0;
				TARGETED_DEVICE_FAMILY = "1,2";
				TEST_HOST = "$(BUILT_PRODUCTS_DIR)/CityFinder.app/$(BUNDLE_EXECUTABLE_FOLDER_PATH)/CityFinder";
			};
			name = Debug;
		};
		CE73FEEB2D7A6621006B37ED /* Release */ = {
			isa = XCBuildConfiguration;
			buildSettings = {
				BUNDLE_LOADER = "$(TEST_HOST)";
				CODE_SIGN_STYLE = Automatic;
				CURRENT_PROJECT_VERSION = 1;
				GENERATE_INFOPLIST_FILE = YES;
				IPHONEOS_DEPLOYMENT_TARGET = 18.0;
				MARKETING_VERSION = 1.0;
				PRODUCT_BUNDLE_IDENTIFIER = com.IvanAlexValero.CityFinderTests;
				PRODUCT_NAME = "$(TARGET_NAME)";
				SWIFT_EMIT_LOC_STRINGS = NO;
				SWIFT_VERSION = 5.0;
				TARGETED_DEVICE_FAMILY = "1,2";
				TEST_HOST = "$(BUILT_PRODUCTS_DIR)/CityFinder.app/$(BUNDLE_EXECUTABLE_FOLDER_PATH)/CityFinder";
			};
			name = Release;
		};
		CE73FEED2D7A6621006B37ED /* Debug */ = {
			isa = XCBuildConfiguration;
			buildSettings = {
				CODE_SIGN_STYLE = Automatic;
				CURRENT_PROJECT_VERSION = 1;
				GENERATE_INFOPLIST_FILE = YES;
				MARKETING_VERSION = 1.0;
				PRODUCT_BUNDLE_IDENTIFIER = com.IvanAlexValero.CityFinderUITests;
				PRODUCT_NAME = "$(TARGET_NAME)";
				SWIFT_EMIT_LOC_STRINGS = NO;
				SWIFT_VERSION = 5.0;
				TARGETED_DEVICE_FAMILY = "1,2";
				TEST_TARGET_NAME = CityFinder;
			};
			name = Debug;
		};
		CE73FEEE2D7A6621006B37ED /* Release */ = {
			isa = XCBuildConfiguration;
			buildSettings = {
				CODE_SIGN_STYLE = Automatic;
				CURRENT_PROJECT_VERSION = 1;
				GENERATE_INFOPLIST_FILE = YES;
				MARKETING_VERSION = 1.0;
				PRODUCT_BUNDLE_IDENTIFIER = com.IvanAlexValero.CityFinderUITests;
				PRODUCT_NAME = "$(TARGET_NAME)";
				SWIFT_EMIT_LOC_STRINGS = NO;
				SWIFT_VERSION = 5.0;
				TARGETED_DEVICE_FAMILY = "1,2";
				TEST_TARGET_NAME = CityFinder;
			};
			name = Release;
		};
/* End XCBuildConfiguration section */

/* Begin XCConfigurationList section */
		CE73FEBB2D7A661F006B37ED /* Build configuration list for PBXProject "CityFinder" */ = {
			isa = XCConfigurationList;
			buildConfigurations = (
				CE73FEE42D7A6621006B37ED /* Debug */,
				CE73FEE52D7A6621006B37ED /* Release */,
			);
			defaultConfigurationIsVisible = 0;
			defaultConfigurationName = Release;
		};
		CE73FEE62D7A6621006B37ED /* Build configuration list for PBXNativeTarget "CityFinder" */ = {
			isa = XCConfigurationList;
			buildConfigurations = (
				CE73FEE72D7A6621006B37ED /* Debug */,
				CE73FEE82D7A6621006B37ED /* Release */,
			);
			defaultConfigurationIsVisible = 0;
			defaultConfigurationName = Release;
		};
		CE73FEE92D7A6621006B37ED /* Build configuration list for PBXNativeTarget "CityFinderTests" */ = {
			isa = XCConfigurationList;
			buildConfigurations = (
				CE73FEEA2D7A6621006B37ED /* Debug */,
				CE73FEEB2D7A6621006B37ED /* Release */,
			);
			defaultConfigurationIsVisible = 0;
			defaultConfigurationName = Release;
		};
		CE73FEEC2D7A6621006B37ED /* Build configuration list for PBXNativeTarget "CityFinderUITests" */ = {
			isa = XCConfigurationList;
			buildConfigurations = (
				CE73FEED2D7A6621006B37ED /* Debug */,
				CE73FEEE2D7A6621006B37ED /* Release */,
			);
			defaultConfigurationIsVisible = 0;
			defaultConfigurationName = Release;
		};
/* End XCConfigurationList section */
	};
	rootObject = CE73FEB82D7A661F006B37ED /* Project object */;
}
